
Microsoft Visual Studio Solution File, Format Version 12.00
# Visual Studio 15
VisualStudioVersion = 15.0.26730.12
MinimumVisualStudioVersion = 10.0.40219.1
Project("{9A19103F-16F7-4668-BE54-9A1E7A4F7556}") = "Assessment.Domain", "Assessment.Domain\Assessment.Domain.csproj", "{B5DBCDEA-C9D1-488D-A04C-DD50FA9D9C30}"
EndProject
Project("{9A19103F-16F7-4668-BE54-9A1E7A4F7556}") = "Assessment.DAL", "Assessment.DAL\Assessment.DAL.csproj", "{974B9538-C7EC-472E-9552-3D3A5C904301}"
EndProject
Project("{9A19103F-16F7-4668-BE54-9A1E7A4F7556}") = "Assessment.Entities", "Assessment.Entities\Assessment.Entities.csproj", "{4FB31CD9-DB9D-4922-9DBF-63BD5C944BB3}"
EndProject
Project("{9A19103F-16F7-4668-BE54-9A1E7A4F7556}") = "Assessment.Web", "Assessment.Web\Assessment.Web.csproj", "{BB4751E0-47B0-47B8-8C55-13903084260D}"
EndProject
Global
	GlobalSection(SolutionConfigurationPlatforms) = preSolution
		Debug|Any CPU = Debug|Any CPU
		Release|Any CPU = Release|Any CPU
	EndGlobalSection
	GlobalSection(ProjectConfigurationPlatforms) = postSolution
		{B5DBCDEA-C9D1-488D-A04C-DD50FA9D9C30}.Debug|Any CPU.ActiveCfg = Debug|Any CPU
		{B5DBCDEA-C9D1-488D-A04C-DD50FA9D9C30}.Debug|Any CPU.Build.0 = Debug|Any CPU
		{B5DBCDEA-C9D1-488D-A04C-DD50FA9D9C30}.Release|Any CPU.ActiveCfg = Release|Any CPU
		{B5DBCDEA-C9D1-488D-A04C-DD50FA9D9C30}.Release|Any CPU.Build.0 = Release|Any CPU
		{974B9538-C7EC-472E-9552-3D3A5C904301}.Debug|Any CPU.ActiveCfg = Debug|Any CPU
		{974B9538-C7EC-472E-9552-3D3A5C904301}.Debug|Any CPU.Build.0 = Debug|Any CPU
		{974B9538-C7EC-472E-9552-3D3A5C904301}.Release|Any CPU.ActiveCfg = Release|Any CPU
		{974B9538-C7EC-472E-9552-3D3A5C904301}.Release|Any CPU.Build.0 = Release|Any CPU
		{4FB31CD9-DB9D-4922-9DBF-63BD5C944BB3}.Debug|Any CPU.ActiveCfg = Debug|Any CPU
		{4FB31CD9-DB9D-4922-9DBF-63BD5C944BB3}.Debug|Any CPU.Build.0 = Debug|Any CPU
		{4FB31CD9-DB9D-4922-9DBF-63BD5C944BB3}.Release|Any CPU.ActiveCfg = Release|Any CPU
		{4FB31CD9-DB9D-4922-9DBF-63BD5C944BB3}.Release|Any CPU.Build.0 = Release|Any CPU
		{BB4751E0-47B0-47B8-8C55-13903084260D}.Debug|Any CPU.ActiveCfg = Debug|Any CPU
		{BB4751E0-47B0-47B8-8C55-13903084260D}.Debug|Any CPU.Build.0 = Debug|Any CPU
		{BB4751E0-47B0-47B8-8C55-13903084260D}.Release|Any CPU.ActiveCfg = Release|Any CPU
		{BB4751E0-47B0-47B8-8C55-13903084260D}.Release|Any CPU.Build.0 = Release|Any CPU
	EndGlobalSection
	GlobalSection(SolutionProperties) = preSolution
		HideSolutionNode = FALSE
	EndGlobalSection
	GlobalSection(ExtensibilityGlobals) = postSolution
		SolutionGuid = {FAB22165-C5FC-4C1A-8877-CF4F15B9A76D}
	EndGlobalSection
EndGlobal
